# This file is automatically @generated by Cargo.
# It is not intended for manual editing.
version = 4

[[package]]
name = "watercolor"
version = "0.0.0"
dependencies = [
 "watercolor-film",
 "watercolor-frame",
 "watercolor-silent-film",
 "watercolor-sound",
 "watercolor-temporal",
]

[[package]]
name = "watercolor-film"
version = "0.0.0"
dependencies = [
 "watercolor-silent-film",
 "watercolor-sound",
]

[[package]]
name = "watercolor-frame"
version = "0.0.0"

[[package]]
name = "watercolor-silent-film"
version = "0.0.0"
dependencies = [
 "watercolor-frame",
 "watercolor-temporal",
]

[[package]]
name = "watercolor-sound"
version = "0.0.0"
dependencies = [
 "watercolor-temporal",
]

[[package]]
name = "watercolor-temporal"
version = "0.0.0"
